<?xml version="1.0" encoding="utf-8"?>
<Project ToolsVersion="4.0" xmlns="http://schemas.microsoft.com/developer/msbuild/2003">
  <ItemGroup>
    <Filter Include="소스 파일">
      <UniqueIdentifier>{4FC737F1-C7A5-4376-A066-2A32D752A2FF}</UniqueIdentifier>
      <Extensions>cpp;c;cc;cxx;def;odl;idl;hpj;bat;asm;asmx</Extensions>
    </Filter>
    <Filter Include="헤더 파일">
      <UniqueIdentifier>{93995380-89BD-4b04-88EB-625FBE52EBFB}</UniqueIdentifier>
      <Extensions>h;hh;hpp;hxx;hm;inl;inc;xsd</Extensions>
    </Filter>
    <Filter Include="리소스 파일">
      <UniqueIdentifier>{67DA6AB6-F800-4c08-8B7A-83BB121AAD01}</UniqueIdentifier>
      <Extensions>rc;ico;cur;bmp;dlg;rc2;rct;bin;rgs;gif;jpg;jpeg;jpe;resx;tiff;tif;png;wav;mfcribbon-ms</Extensions>
    </Filter>
  </ItemGroup>
  <ItemGroup>
    <Text Include="ReadMe.txt" />
  </ItemGroup>
  <ItemGroup>
    <ClInclude Include="stdafx.h">
      <Filter>헤더 파일</Filter>
    </ClInclude>
    <ClInclude Include="targetver.h">
      <Filter>헤더 파일</Filter>
    </ClInclude>
    <ClInclude Include="Resource.h">
      <Filter>헤더 파일</Filter>
    </ClInclude>
    <ClInclude Include="PRIMXAgent.h">
      <Filter>헤더 파일</Filter>
    </ClInclude>
    <ClInclude Include="NTService.h">
      <Filter>헤더 파일</Filter>
    </ClInclude>
    <ClInclude Include="ControlService.h">
      <Filter>헤더 파일</Filter>
    </ClInclude>
    <ClInclude Include="..\CommonLib\Utils\StrCnvt.h">
      <Filter>헤더 파일</Filter>
    </ClInclude>
    <ClInclude Include="WindowsFirewall.h">
      <Filter>헤더 파일</Filter>
    </ClInclude>
    <ClInclude Include="IPCChannel.h">
      <Filter>헤더 파일</Filter>
    </ClInclude>
    <ClInclude Include="PRIMXAgentManager.h">
      <Filter>헤더 파일</Filter>
    </ClInclude>
    <ClInclude Include="SystemDataManager.h">
      <Filter>헤더 파일</Filter>
    </ClInclude>
    <ClInclude Include="..\CommonLib\SQLite\CppSQLite3U.h">
      <Filter>헤더 파일</Filter>
    </ClInclude>
    <ClInclude Include="..\CommonLib\SQLite\sqlite3.h">
      <Filter>헤더 파일</Filter>
    </ClInclude>
    <ClInclude Include="..\CommonLib\SQLite\sqlite3ext.h">
      <Filter>헤더 파일</Filter>
    </ClInclude>
    <ClInclude Include="..\CommonLib\Utils\ARIAEncryption.h">
      <Filter>헤더 파일</Filter>
    </ClInclude>
    <ClInclude Include="..\CommonLib\Utils\Base64.h">
      <Filter>헤더 파일</Filter>
    </ClInclude>
    <ClInclude Include="..\CommonLib\Utils\CommonDefine.h">
      <Filter>헤더 파일</Filter>
    </ClInclude>
    <ClInclude Include="..\CommonLib\Utils\CommonModule.h">
      <Filter>헤더 파일</Filter>
    </ClInclude>
    <ClInclude Include="..\CommonLib\Utils\ConfigDataManager.h">
      <Filter>헤더 파일</Filter>
    </ClInclude>
    <ClInclude Include="..\CommonLib\Utils\DoubleBuffering.h">
      <Filter>헤더 파일</Filter>
    </ClInclude>
    <ClInclude Include="..\CommonLib\Utils\FileDBManager.h">
      <Filter>헤더 파일</Filter>
    </ClInclude>
    <ClInclude Include="..\CommonLib\Utils\IPCChannel.h">
      <Filter>헤더 파일</Filter>
    </ClInclude>
    <ClInclude Include="..\CommonLib\Utils\LogManager.h">
      <Filter>헤더 파일</Filter>
    </ClInclude>
    <ClInclude Include="..\CommonLib\Utils\lz4.h">
      <Filter>헤더 파일</Filter>
    </ClInclude>
    <ClInclude Include="..\CommonLib\Utils\Markup.h">
      <Filter>헤더 파일</Filter>
    </ClInclude>
    <ClInclude Include="..\CommonLib\Utils\ProcessRun.h">
      <Filter>헤더 파일</Filter>
    </ClInclude>
    <ClInclude Include="..\CommonLib\Utils\SNIDSocket.h">
      <Filter>헤더 파일</Filter>
    </ClInclude>
    <ClInclude Include="..\CommonLib\Utils\SNPHashList.h">
      <Filter>헤더 파일</Filter>
    </ClInclude>
    <ClInclude Include="..\CommonLib\Utils\ThreadEx.h">
      <Filter>헤더 파일</Filter>
    </ClInclude>
    <ClInclude Include="..\CommonLib\Utils\FileVersion.h">
      <Filter>헤더 파일</Filter>
    </ClInclude>
    <ClInclude Include="..\CommonLib\Utils\CommandManagerEx.h">
      <Filter>헤더 파일</Filter>
    </ClInclude>
    <ClInclude Include="..\CommonLib\Utils\PRIMXAgent_if.h">
      <Filter>헤더 파일</Filter>
    </ClInclude>
    <ClInclude Include="CommandSystemReg.h">
      <Filter>헤더 파일</Filter>
    </ClInclude>
    <ClInclude Include="..\CommonLib\Utils\ZombieProcessCheck.h">
      <Filter>헤더 파일</Filter>
    </ClInclude>
    <ClInclude Include="CommandPolling.h">
      <Filter>헤더 파일</Filter>
    </ClInclude>
    <ClInclude Include="DataCollectManager.h">
      <Filter>헤더 파일</Filter>
    </ClInclude>
    <ClInclude Include="SystemDataModifyCheck.h">
      <Filter>헤더 파일</Filter>
    </ClInclude>
    <ClInclude Include="CommandLogDataTransfer.h">
      <Filter>헤더 파일</Filter>
    </ClInclude>
    <ClInclude Include="CommandUpdateFile.h">
      <Filter>헤더 파일</Filter>
    </ClInclude>
    <ClInclude Include="..\CommonLib\Utils\XUnzip.h">
      <Filter>헤더 파일</Filter>
    </ClInclude>
    <ClInclude Include="..\CommonLib\Utils\XZip.h">
      <Filter>헤더 파일</Filter>
    </ClInclude>
    <ClInclude Include="..\CommonLib\Utils\sha512.h">
      <Filter>헤더 파일</Filter>
    </ClInclude>
    <ClInclude Include="..\CommonLib\Utils\RyeolException.h">
      <Filter>헤더 파일</Filter>
    </ClInclude>
    <ClInclude Include="..\CommonLib\Utils\RyeolHttpClient.h">
      <Filter>헤더 파일</Filter>
    </ClInclude>
    <ClInclude Include="..\CommonLib\Utils\SafeInt.hpp">
      <Filter>헤더 파일</Filter>
    </ClInclude>
    <ClInclude Include="..\CommonLib\Utils\ZIPFile.h">
      <Filter>헤더 파일</Filter>
    </ClInclude>
  </ItemGroup>
  <ItemGroup>
    <ClCompile Include="stdafx.cpp">
      <Filter>소스 파일</Filter>
    </ClCompile>
    <ClCompile Include="PRIMXAgent.cpp">
      <Filter>소스 파일</Filter>
    </ClCompile>
    <ClCompile Include="NTService.cpp">
      <Filter>소스 파일</Filter>
    </ClCompile>
    <ClCompile Include="..\CommonLib\Utils\StrCnvt.cpp">
      <Filter>소스 파일</Filter>
    </ClCompile>
    <ClCompile Include="WindowsFirewall.cpp">
      <Filter>소스 파일</Filter>
    </ClCompile>
    <ClCompile Include="PRIMXAgentManager.cpp">
      <Filter>소스 파일</Filter>
    </ClCompile>
    <ClCompile Include="SystemDataManager.cpp">
      <Filter>소스 파일</Filter>
    </ClCompile>
    <ClCompile Include="..\CommonLib\SQLite\CppSQLite3U.cpp">
      <Filter>소스 파일</Filter>
    </ClCompile>
    <ClCompile Include="..\CommonLib\SQLite\sqlite3.c">
      <Filter>소스 파일</Filter>
    </ClCompile>
    <ClCompile Include="..\CommonLib\Utils\ARIAEncryption.cpp">
      <Filter>소스 파일</Filter>
    </ClCompile>
    <ClCompile Include="..\CommonLib\Utils\Base64.cpp">
      <Filter>소스 파일</Filter>
    </ClCompile>
    <ClCompile Include="..\CommonLib\Utils\CommonModule.cpp">
      <Filter>소스 파일</Filter>
    </ClCompile>
    <ClCompile Include="..\CommonLib\Utils\ConfigDataManager.cpp">
      <Filter>소스 파일</Filter>
    </ClCompile>
    <ClCompile Include="..\CommonLib\Utils\DoubleBuffering.cpp">
      <Filter>소스 파일</Filter>
    </ClCompile>
    <ClCompile Include="..\CommonLib\Utils\FileDBManager.cpp">
      <Filter>소스 파일</Filter>
    </ClCompile>
    <ClCompile Include="..\CommonLib\Utils\IPCChannel.cpp">
      <Filter>소스 파일</Filter>
    </ClCompile>
    <ClCompile Include="..\CommonLib\Utils\LogManager.cpp">
      <Filter>소스 파일</Filter>
    </ClCompile>
    <ClCompile Include="..\CommonLib\Utils\lz4.c">
      <Filter>소스 파일</Filter>
    </ClCompile>
    <ClCompile Include="..\CommonLib\Utils\Markup.cpp">
      <Filter>소스 파일</Filter>
    </ClCompile>
    <ClCompile Include="..\CommonLib\Utils\ProcessRun.cpp">
      <Filter>소스 파일</Filter>
    </ClCompile>
    <ClCompile Include="..\CommonLib\Utils\SNIDSocket.cpp">
      <Filter>소스 파일</Filter>
    </ClCompile>
    <ClCompile Include="..\CommonLib\Utils\ThreadEx.cpp">
      <Filter>소스 파일</Filter>
    </ClCompile>
    <ClCompile Include="..\CommonLib\Utils\FileVersion.cpp">
      <Filter>소스 파일</Filter>
    </ClCompile>
    <ClCompile Include="ControlService.cpp">
      <Filter>소스 파일</Filter>
    </ClCompile>
    <ClCompile Include="..\CommonLib\Utils\CommandManagerEx.cpp">
      <Filter>소스 파일</Filter>
    </ClCompile>
    <ClCompile Include="CommandSystemReg.cpp">
      <Filter>소스 파일</Filter>
    </ClCompile>
    <ClCompile Include="..\CommonLib\Utils\ZombieProcessCheck.cpp">
      <Filter>소스 파일</Filter>
    </ClCompile>
    <ClCompile Include="CommandPolling.cpp">
      <Filter>소스 파일</Filter>
    </ClCompile>
    <ClCompile Include="DataCollectManager.cpp">
      <Filter>소스 파일</Filter>
    </ClCompile>
    <ClCompile Include="SystemDataModifyCheck.cpp">
      <Filter>소스 파일</Filter>
    </ClCompile>
    <ClCompile Include="CommandLogDataTransfer.cpp">
      <Filter>소스 파일</Filter>
    </ClCompile>
    <ClCompile Include="CommandUpdateFile.cpp">
      <Filter>소스 파일</Filter>
    </ClCompile>
    <ClCompile Include="..\CommonLib\Utils\XUnzip.cpp">
      <Filter>소스 파일</Filter>
    </ClCompile>
    <ClCompile Include="..\CommonLib\Utils\XZip.cpp">
      <Filter>소스 파일</Filter>
    </ClCompile>
    <ClCompile Include="..\CommonLib\Utils\sha512.cpp">
      <Filter>소스 파일</Filter>
    </ClCompile>
    <ClCompile Include="..\CommonLib\Utils\RyeolException.cpp">
      <Filter>소스 파일</Filter>
    </ClCompile>
    <ClCompile Include="..\CommonLib\Utils\RyeolHttpClient.cpp">
      <Filter>소스 파일</Filter>
    </ClCompile>
    <ClCompile Include="..\CommonLib\Utils\ZIPFile.cpp">
      <Filter>소스 파일</Filter>
    </ClCompile>
  </ItemGroup>
  <ItemGroup>
    <ResourceCompile Include="PRIMXAgent.rc">
      <Filter>리소스 파일</Filter>
    </ResourceCompile>
  </ItemGroup>
  <ItemGroup>
    <CustomBuild Include="EventLog\EVENT_MSG.mc" />
  </ItemGroup>
</Project>